
Microsoft Visual Studio Solution File, Format Version 12.00
# Visual Studio 15
VisualStudioVersion = 15.0.28010.2046
MinimumVisualStudioVersion = 10.0.40219.1
Project("{FAE04EC0-301F-11D3-BF4B-00C04F79EFBC}") = "CommandPattern", "CommandPattern\CommandPattern.csproj", "{F3DC4F7D-74D6-4F81-AD54-39BF6380CE69}"
EndProject
Global
	GlobalSection(SolutionConfigurationPlatforms) = preSolution
		Debug|Any CPU = Debug|Any CPU
		Release|Any CPU = Release|Any CPU
	EndGlobalSection
	GlobalSection(ProjectConfigurationPlatforms) = postSolution
		{F3DC4F7D-74D6-4F81-AD54-39BF6380CE69}.Debug|Any CPU.ActiveCfg = Debug|Any CPU
		{F3DC4F7D-74D6-4F81-AD54-39BF6380CE69}.Debug|Any CPU.Build.0 = Debug|Any CPU
		{F3DC4F7D-74D6-4F81-AD54-39BF6380CE69}.Release|Any CPU.ActiveCfg = Release|Any CPU
		{F3DC4F7D-74D6-4F81-AD54-39BF6380CE69}.Release|Any CPU.Build.0 = Release|Any CPU
	EndGlobalSection
	GlobalSection(SolutionProperties) = preSolution
		HideSolutionNode = FALSE
	EndGlobalSection
	GlobalSection(ExtensibilityGlobals) = postSolution
		SolutionGuid = {472AB421-1D1C-4243-879F-9A3D4CC2C463}
	EndGlobalSection
EndGlobal
